PODS:
  - Alamofire (5.4.1)
  - IBAnimatable (6.1.0)
  - Kingfisher (6.0.1)
  - Loaf (0.7.0)

DEPENDENCIES:
  - Alamofire
  - IBAnimatable
  - Kingfisher
  - Loaf

SPEC REPOS:
  trunk:
    - Alamofire
    - IBAnimatable
    - Kingfisher
    - Loaf

SPEC CHECKSUMS:
  Alamofire: 2291f7d21ca607c491dd17642e5d40fdcda0e65c
  IBAnimatable: 99dddd4c0625884a301ba3ecbc1615f8a390368e
  Kingfisher: adde87a4f74f6a3845395769354efff593581740
  Loaf: d69937cd00649f3fa260beb8b7aef0a1feb861ef

PODFILE CHECKSUM: 6d6a0bdbcd3d99535fc4cc4a884fdc1866003711

COCOAPODS: 1.10.0
